
Microsoft Visual Studio Solution File, Format Version 12.00
# Visual Studio Version 17
VisualStudioVersion = 17.5.33530.505
MinimumVisualStudioVersion = 10.0.40219.1
Project("{888888A0-9F3D-457C-B088-3A5042F75D52}") = "test oop", "test oop.pyproj", "{B0926074-6018-4BFD-9FC1-6E9DACADEC38}"
EndProject
Global
	GlobalSection(SolutionConfigurationPlatforms) = preSolution
		Debug|Any CPU = Debug|Any CPU
		Release|Any CPU = Release|Any CPU
	EndGlobalSection
	GlobalSection(ProjectConfigurationPlatforms) = postSolution
		{B0926074-6018-4BFD-9FC1-6E9DACADEC38}.Debug|Any CPU.ActiveCfg = Debug|Any CPU
		{B0926074-6018-4BFD-9FC1-6E9DACADEC38}.Release|Any CPU.ActiveCfg = Release|Any CPU
	EndGlobalSection
	GlobalSection(SolutionProperties) = preSolution
		HideSolutionNode = FALSE
	EndGlobalSection
	GlobalSection(ExtensibilityGlobals) = postSolution
		SolutionGuid = {B1A17FBA-7761-4CD8-BDCB-F7B32A82F655}
	EndGlobalSection
EndGlobal
